{
  "version": 4,
  "terraform_version": "0.12.23",
  "serial": 41,
  "lineage": "d1c3bda2-cad4-9dc7-a5e4-7169cf58fb59",
  "outputs": {},
  "resources": [
    {
      "mode": "managed",
      "type": "openstack_blockstorage_volume_v2",
      "name": "myvol",
      "provider": "provider.openstack",
      "instances": [
        {
          "schema_version": 0,
          "attributes": {
            "attachment": [],
            "availability_zone": "nova",
            "consistency_group_id": null,
            "description": "",
            "id": "2233158d-76b3-4915-b290-29a45c7f1803",
            "image_id": null,
            "metadata": {},
            "name": "myvol",
            "region": "",
            "scheduler_hints": [],
            "size": 40,
            "snapshot_id": "",
            "source_replica": null,
            "source_vol_id": "",
            "timeouts": null,
            "volume_type": "fast"
          },
          "private": "eyJlMmJmYjczMC1lY2FhLTExZTYtOGY4OC0zNDM2M2JjN2M0YzAiOnsiY3JlYXRlIjo2MDAwMDAwMDAwMDAsImRlbGV0ZSI6NjAwMDAwMDAwMDAwfX0="
        }
      ]
    },
    {
      "mode": "managed",
      "type": "openstack_compute_floatingip_associate_v2",
      "name": "fip_1",
      "provider": "provider.openstack",
      "instances": []
    },
    {
      "mode": "managed",
      "type": "openstack_compute_keypair_v2",
      "name": "edoc-key",
      "provider": "provider.openstack",
      "instances": [
        {
          "schema_version": 0,
          "attributes": {
            "fingerprint": "0f:a2:1a:1c:a6:cc:4e:f9:a7:76:b0:c6:b6:21:87:87",
            "id": "edoc-key",
            "name": "edoc-key",
            "private_key": "",
            "public_key": "ssh-rsa AAAAB3NzaC1yc2EAAAABIwAAAQEA3LCv0So5IOd6MkRNhZqEembI4hxGBhFHvrV6pxOArJ+jD+dPmBcLOVRx+AftFwrz9M/+c6l88Z5r1s6TU7b/QUDrrMGbeV/RPxSuOAxDmRjVVmxUKh57kIJmrvl4wtz1mvgxz6SecUMOueAEh8V+BTtuuXb0T7+NEszP62F+h6hItHUqIEua8fAk3FlIBGQY5aOGnbm0lfbA83/DnPGaHAaZz++Pss9BE3+mPmvJJNTbCZqPOPlKvVMsci5UTZuOakBAjdLLKkJHYNOdW0SwpLtTj+8NREyn6Djc70reewOqj/Mdy1szhPETwiXL5f17kRHxMtK0DgbUMPhq6V+57w== devops@centreon01",
            "region": "",
            "value_specs": null
          },
          "private": "bnVsbA=="
        }
      ]
    },
    {
      "mode": "managed",
      "type": "openstack_compute_secgroup_v2",
      "name": "app_group",
      "provider": "provider.openstack",
      "instances": [
        {
          "schema_version": 0,
          "attributes": {
            "description": "app Group",
            "id": "fb6f9ca6-64ad-4908-9e4c-c6832335e7ce",
            "name": "app_group",
            "region": "",
            "rule": [
              {
                "cidr": "0.0.0.0/0",
                "from_group_id": "",
                "from_port": 22,
                "id": "e1d00906-fa1d-4cf7-9cfa-86aa5a91997a",
                "ip_protocol": "tcp",
                "self": false,
                "to_port": 22
              },
              {
                "cidr": "0.0.0.0/0",
                "from_group_id": "",
                "from_port": 3000,
                "id": "40571925-db88-4d69-909c-d1cc03158a53",
                "ip_protocol": "tcp",
                "self": false,
                "to_port": 3000
              },
              {
                "cidr": "0.0.0.0/0",
                "from_group_id": "",
                "from_port": 443,
                "id": "dbdf9235-687a-4a9d-9e01-aa4d7d4fa653",
                "ip_protocol": "tcp",
                "self": false,
                "to_port": 443
              },
              {
                "cidr": "0.0.0.0/0",
                "from_group_id": "",
                "from_port": 80,
                "id": "9b1fd264-59b9-4067-b5f2-6fd38377b0be",
                "ip_protocol": "tcp",
                "self": false,
                "to_port": 80
              },
              {
                "cidr": "::/0",
                "from_group_id": "",
                "from_port": 22,
                "id": "bb7f460e-a944-42d2-bfa0-3af1b460fd2c",
                "ip_protocol": "tcp",
                "self": false,
                "to_port": 22
              }
            ],
            "timeouts": null
          },
          "private": "eyJlMmJmYjczMC1lY2FhLTExZTYtOGY4OC0zNDM2M2JjN2M0YzAiOnsiZGVsZXRlIjo2MDAwMDAwMDAwMDB9fQ=="
        }
      ]
    },
    {
      "mode": "managed",
      "type": "openstack_compute_secgroup_v2",
      "name": "db_group",
      "provider": "provider.openstack",
      "instances": [
        {
          "schema_version": 0,
          "attributes": {
            "description": "db Group",
            "id": "c871b4d7-0a35-4ae9-b844-a6e2cd319beb",
            "name": "db_group",
            "region": "",
            "rule": [
              {
                "cidr": "0.0.0.0/0",
                "from_group_id": "",
                "from_port": 5432,
                "id": "b9655831-b4e0-4d63-811b-51745efa7f49",
                "ip_protocol": "tcp",
                "self": false,
                "to_port": 5432
              }
            ],
            "timeouts": null
          },
          "private": "eyJlMmJmYjczMC1lY2FhLTExZTYtOGY4OC0zNDM2M2JjN2M0YzAiOnsiZGVsZXRlIjo2MDAwMDAwMDAwMDB9fQ=="
        }
      ]
    },
    {
      "mode": "managed",
      "type": "openstack_networking_floatingip_v2",
      "name": "fip_1",
      "provider": "provider.openstack",
      "instances": [
        {
          "schema_version": 0,
          "attributes": {
            "address": "85.132.100.57",
            "all_tags": [],
            "description": "",
            "dns_domain": "",
            "dns_name": "",
            "fixed_ip": "",
            "id": "e79d8a54-564d-4ce8-a5be-b7b3e2031deb",
            "pool": "external",
            "port_id": "",
            "region": "",
            "subnet_id": null,
            "tags": null,
            "tenant_id": "f8fe6ebf0c33419d84754c2732336af9",
            "timeouts": null,
            "value_specs": null
          },
          "private": "eyJlMmJmYjczMC1lY2FhLTExZTYtOGY4OC0zNDM2M2JjN2M0YzAiOnsiY3JlYXRlIjo2MDAwMDAwMDAwMDAsImRlbGV0ZSI6NjAwMDAwMDAwMDAwfX0="
        }
      ]
    },
    {
      "mode": "managed",
      "type": "openstack_networking_network_v2",
      "name": "generic",
      "provider": "provider.openstack",
      "instances": [
        {
          "schema_version": 0,
          "attributes": {
            "admin_state_up": true,
            "all_tags": [],
            "availability_zone_hints": [],
            "description": "",
            "dns_domain": "",
            "external": false,
            "id": "7c8113a2-47c4-4245-b580-d29b43939627",
            "mtu": 1450,
            "name": "network-generic",
            "port_security_enabled": true,
            "qos_policy_id": "",
            "region": "",
            "segments": [],
            "shared": false,
            "tags": null,
            "tenant_id": "f8fe6ebf0c33419d84754c2732336af9",
            "timeouts": null,
            "transparent_vlan": false,
            "value_specs": null
          },
          "private": "eyJlMmJmYjczMC1lY2FhLTExZTYtOGY4OC0zNDM2M2JjN2M0YzAiOnsiY3JlYXRlIjo2MDAwMDAwMDAwMDAsImRlbGV0ZSI6NjAwMDAwMDAwMDAwfX0="
        }
      ]
    },
    {
      "mode": "managed",
      "type": "openstack_networking_port_v2",
      "name": "edoc",
      "provider": "provider.openstack",
      "instances": [
        {
          "schema_version": 0,
          "attributes": {
            "admin_state_up": true,
            "all_fixed_ips": [
              "192.168.57.7"
            ],
            "all_security_group_ids": [
              "c871b4d7-0a35-4ae9-b844-a6e2cd319beb",
              "fb6f9ca6-64ad-4908-9e4c-c6832335e7ce"
            ],
            "all_tags": [],
            "allowed_address_pairs": [],
            "binding": [
              {
                "host_id": "",
                "profile": "null",
                "vif_details": {},
                "vif_type": "",
                "vnic_type": "normal"
              }
            ],
            "description": "",
            "device_id": "",
            "device_owner": "",
            "dns_assignment": [],
            "dns_name": "",
            "extra_dhcp_option": [],
            "fixed_ip": [
              {
                "ip_address": "",
                "subnet_id": "cde125eb-d9be-40de-98e3-85f447a328b2"
              }
            ],
            "id": "279b3210-d326-4046-a9c8-8182a0d975d7",
            "mac_address": "fa:16:3e:d8:89:81",
            "name": "port-instance-edoc",
            "network_id": "7c8113a2-47c4-4245-b580-d29b43939627",
            "no_fixed_ip": null,
            "no_security_groups": null,
            "port_security_enabled": true,
            "qos_policy_id": "",
            "region": "",
            "security_group_ids": [
              "c871b4d7-0a35-4ae9-b844-a6e2cd319beb",
              "fb6f9ca6-64ad-4908-9e4c-c6832335e7ce"
            ],
            "tags": null,
            "tenant_id": "f8fe6ebf0c33419d84754c2732336af9",
            "timeouts": null,
            "value_specs": null
          },
          "private": "eyJlMmJmYjczMC1lY2FhLTExZTYtOGY4OC0zNDM2M2JjN2M0YzAiOnsiY3JlYXRlIjo2MDAwMDAwMDAwMDAsImRlbGV0ZSI6NjAwMDAwMDAwMDAwfX0=",
          "dependencies": [
            "openstack_compute_secgroup_v2.app_group",
            "openstack_compute_secgroup_v2.db_group",
            "openstack_networking_network_v2.generic",
            "openstack_networking_subnet_v2.edoc"
          ]
        }
      ]
    },
    {
      "mode": "managed",
      "type": "openstack_networking_router_interface_v2",
      "name": "edoc",
      "provider": "provider.openstack",
      "instances": [
        {
          "schema_version": 0,
          "attributes": {
            "id": "0f99fd79-2ad9-460e-a7ad-9cc1cc08ff42",
            "port_id": "0f99fd79-2ad9-460e-a7ad-9cc1cc08ff42",
            "region": "",
            "router_id": "021d125e-4f1f-47f8-af6c-32af2dd6d705",
            "subnet_id": "cde125eb-d9be-40de-98e3-85f447a328b2",
            "timeouts": null
          },
          "private": "eyJlMmJmYjczMC1lY2FhLTExZTYtOGY4OC0zNDM2M2JjN2M0YzAiOnsiY3JlYXRlIjo2MDAwMDAwMDAwMDAsImRlbGV0ZSI6NjAwMDAwMDAwMDAwfX0=",
          "dependencies": [
            "openstack_networking_network_v2.generic",
            "openstack_networking_router_v2.generic",
            "openstack_networking_subnet_v2.edoc"
          ]
        }
      ]
    },
    {
      "mode": "managed",
      "type": "openstack_networking_router_v2",
      "name": "generic",
      "provider": "provider.openstack",
      "instances": [
        {
          "schema_version": 0,
          "attributes": {
            "admin_state_up": true,
            "all_tags": [],
            "availability_zone_hints": [],
            "description": "",
            "distributed": false,
            "enable_snat": true,
            "external_fixed_ip": [
              {
                "ip_address": "85.132.100.52",
                "subnet_id": "2958b9d3-6a1f-42d2-b66f-a49375618f67"
              }
            ],
            "external_gateway": "14b561b8-a84b-4894-848d-8893aed41cd8",
            "external_network_id": "14b561b8-a84b-4894-848d-8893aed41cd8",
            "id": "021d125e-4f1f-47f8-af6c-32af2dd6d705",
            "name": "router-generic",
            "region": "",
            "tags": null,
            "tenant_id": "f8fe6ebf0c33419d84754c2732336af9",
            "timeouts": null,
            "value_specs": null,
            "vendor_options": []
          },
          "private": "eyJlMmJmYjczMC1lY2FhLTExZTYtOGY4OC0zNDM2M2JjN2M0YzAiOnsiY3JlYXRlIjo2MDAwMDAwMDAwMDAsImRlbGV0ZSI6NjAwMDAwMDAwMDAwfX0="
        }
      ]
    },
    {
      "mode": "managed",
      "type": "openstack_networking_subnet_v2",
      "name": "edoc",
      "provider": "provider.openstack",
      "instances": [
        {
          "schema_version": 0,
          "attributes": {
            "all_tags": [],
            "allocation_pool": [
              {
                "end": "192.168.57.254",
                "start": "192.168.57.2"
              }
            ],
            "allocation_pools": [
              {
                "end": "192.168.57.254",
                "start": "192.168.57.2"
              }
            ],
            "cidr": "192.168.57.0/24",
            "description": "",
            "dns_nameservers": [
              "8.8.8.8",
              "8.8.8.4"
            ],
            "enable_dhcp": true,
            "gateway_ip": "192.168.57.1",
            "host_routes": [],
            "id": "cde125eb-d9be-40de-98e3-85f447a328b2",
            "ip_version": 4,
            "ipv6_address_mode": "",
            "ipv6_ra_mode": "",
            "name": "subnet-edoc",
            "network_id": "7c8113a2-47c4-4245-b580-d29b43939627",
            "no_gateway": false,
            "prefix_length": null,
            "region": "",
            "subnetpool_id": "",
            "tags": null,
            "tenant_id": "f8fe6ebf0c33419d84754c2732336af9",
            "timeouts": null,
            "value_specs": null
          },
          "private": "eyJlMmJmYjczMC1lY2FhLTExZTYtOGY4OC0zNDM2M2JjN2M0YzAiOnsiY3JlYXRlIjo2MDAwMDAwMDAwMDAsImRlbGV0ZSI6NjAwMDAwMDAwMDAwfX0=",
          "dependencies": [
            "openstack_networking_network_v2.generic"
          ]
        }
      ]
    }
  ]
}
